
Microsoft Visual Studio Solution File, Format Version 12.00
Project("{FAE04EC0-301F-11D3-BF4B-00C04F79EFBC}") = "TypesConverting", "TypesConverting.csproj", "{CF855C9B-A0BE-4FF4-BCEF-A8A7E0248314}"
EndProject
Global
	GlobalSection(SolutionConfigurationPlatforms) = preSolution
		Debug|Any CPU = Debug|Any CPU
		Release|Any CPU = Release|Any CPU
	EndGlobalSection
	GlobalSection(ProjectConfigurationPlatforms) = postSolution
		{CF855C9B-A0BE-4FF4-BCEF-A8A7E0248314}.Debug|Any CPU.ActiveCfg = Debug|Any CPU
		{CF855C9B-A0BE-4FF4-BCEF-A8A7E0248314}.Debug|Any CPU.Build.0 = Debug|Any CPU
		{CF855C9B-A0BE-4FF4-BCEF-A8A7E0248314}.Release|Any CPU.ActiveCfg = Release|Any CPU
		{CF855C9B-A0BE-4FF4-BCEF-A8A7E0248314}.Release|Any CPU.Build.0 = Release|Any CPU
	EndGlobalSection
EndGlobal
