
Microsoft Visual Studio Solution File, Format Version 12.00
Project("{FAE04EC0-301F-11D3-BF4B-00C04F79EFBC}") = "CurveModule", "CurveModule.csproj", "{36816F64-C467-40C4-A829-3A3A5FD07403}"
EndProject
Global
	GlobalSection(SolutionConfigurationPlatforms) = preSolution
		Debug|Any CPU = Debug|Any CPU
		Release|Any CPU = Release|Any CPU
	EndGlobalSection
	GlobalSection(ProjectConfigurationPlatforms) = postSolution
		{36816F64-C467-40C4-A829-3A3A5FD07403}.Debug|Any CPU.ActiveCfg = Debug|Any CPU
		{36816F64-C467-40C4-A829-3A3A5FD07403}.Debug|Any CPU.Build.0 = Debug|Any CPU
		{36816F64-C467-40C4-A829-3A3A5FD07403}.Release|Any CPU.ActiveCfg = Release|Any CPU
		{36816F64-C467-40C4-A829-3A3A5FD07403}.Release|Any CPU.Build.0 = Release|Any CPU
	EndGlobalSection
EndGlobal
